
Microsoft Visual Studio Solution File, Format Version 12.00
# Visual Studio 15
VisualStudioVersion = 15.0.28307.1062
MinimumVisualStudioVersion = 10.0.40219.1
Project("{FAE04EC0-301F-11D3-BF4B-00C04F79EFBC}") = "SailingBannerlord", "SailingBannerlord\SailingBannerlord.csproj", "{54D378D3-3441-4843-9F40-A2731DE7D3D2}"
EndProject
Global
	GlobalSection(SolutionConfigurationPlatforms) = preSolution
		Debug|Any CPU = Debug|Any CPU
		Release|Any CPU = Release|Any CPU
	EndGlobalSection
	GlobalSection(ProjectConfigurationPlatforms) = postSolution
		{54D378D3-3441-4843-9F40-A2731DE7D3D2}.Debug|Any CPU.ActiveCfg = Debug|Any CPU
		{54D378D3-3441-4843-9F40-A2731DE7D3D2}.Debug|Any CPU.Build.0 = Debug|Any CPU
		{54D378D3-3441-4843-9F40-A2731DE7D3D2}.Release|Any CPU.ActiveCfg = Release|Any CPU
		{54D378D3-3441-4843-9F40-A2731DE7D3D2}.Release|Any CPU.Build.0 = Release|Any CPU
	EndGlobalSection
	GlobalSection(SolutionProperties) = preSolution
		HideSolutionNode = FALSE
	EndGlobalSection
	GlobalSection(ExtensibilityGlobals) = postSolution
		SolutionGuid = {B2026F06-2D2D-4A95-B56C-C760E8025A2E}
	EndGlobalSection
EndGlobal
